// !$*UTF8*$!
{
	archiveVersion = 1;
	classes = {
	};
	objectVersion = 56;
	objects = {

/* Begin PBXBuildFile section */
		961FFEB5A953B90B07BF2BF8 /* awsconfiguration.json in Resources */ = {isa = PBXBuildFile; fileRef = 5C13E985F7DE7CB868E4BED3 /* awsconfiguration.json */; };
		C0A45DE40EE9EE297D2D226A /* amplifyconfiguration.json in Resources */ = {isa = PBXBuildFile; fileRef = BD4E14B835E6B1888407F7EA /* amplifyconfiguration.json */; };
		CA9FF7F02AB50D51005EC457 /* AppDelegate.swift in Sources */ = {isa = PBXBuildFile; fileRef = CA9FF7EF2AB50D51005EC457 /* AppDelegate.swift */; };
		CA9FF7F22AB50D51005EC457 /* SceneDelegate.swift in Sources */ = {isa = PBXBuildFile; fileRef = CA9FF7F12AB50D51005EC457 /* SceneDelegate.swift */; };
		CA9FF7F42AB50D51005EC457 /* ViewController.swift in Sources */ = {isa = PBXBuildFile; fileRef = CA9FF7F32AB50D51005EC457 /* ViewController.swift */; };
		CA9FF7F72AB50D51005EC457 /* Main.storyboard in Resources */ = {isa = PBXBuildFile; fileRef = CA9FF7F52AB50D51005EC457 /* Main.storyboard */; };
		CA9FF7F92AB50D53005EC457 /* Assets.xcassets in Resources */ = {isa = PBXBuildFile; fileRef = CA9FF7F82AB50D53005EC457 /* Assets.xcassets */; };
		CA9FF7FC2AB50D53005EC457 /* LaunchScreen.storyboard in Resources */ = {isa = PBXBuildFile; fileRef = CA9FF7FA2AB50D53005EC457 /* LaunchScreen.storyboard */; };
		CA9FF8052AB50DF5005EC457 /* AWSCloudWatchLoggingPlugin in Frameworks */ = {isa = PBXBuildFile; productRef = CA9FF8042AB50DF5005EC457 /* AWSCloudWatchLoggingPlugin */; };
		CA9FF8072AB50DF5005EC457 /* AWSCognitoAuthPlugin in Frameworks */ = {isa = PBXBuildFile; productRef = CA9FF8062AB50DF5005EC457 /* AWSCognitoAuthPlugin */; };
		CA9FF8092AB50DF5005EC457 /* AWSPinpointAnalyticsPlugin in Frameworks */ = {isa = PBXBuildFile; productRef = CA9FF8082AB50DF5005EC457 /* AWSPinpointAnalyticsPlugin */; };
		CA9FF80B2AB50DF5005EC457 /* Amplify in Frameworks */ = {isa = PBXBuildFile; productRef = CA9FF80A2AB50DF5005EC457 /* Amplify */; };
		CA9FF80D2AB51839005EC457 /* TrackEventsHelper.swift in Sources */ = {isa = PBXBuildFile; fileRef = CA9FF80C2AB51839005EC457 /* TrackEventsHelper.swift */; };
		CA9FF80F2AB51C6F005EC457 /* SecondViewController.swift in Sources */ = {isa = PBXBuildFile; fileRef = CA9FF80E2AB51C6F005EC457 /* SecondViewController.swift */; };
/* End PBXBuildFile section */

/* Begin PBXFileReference section */
		5C13E985F7DE7CB868E4BED3 /* awsconfiguration.json */ = {isa = PBXFileReference; explicitFileType = text.json; path = awsconfiguration.json; sourceTree = "<group>"; };
		BD4E14B835E6B1888407F7EA /* amplifyconfiguration.json */ = {isa = PBXFileReference; explicitFileType = text.json; path = amplifyconfiguration.json; sourceTree = "<group>"; };
		CA9FF7EC2AB50D51005EC457 /* AmplifyAnalytics.app */ = {isa = PBXFileReference; explicitFileType = wrapper.application; includeInIndex = 0; path = AmplifyAnalytics.app; sourceTree = BUILT_PRODUCTS_DIR; };
		CA9FF7EF2AB50D51005EC457 /* AppDelegate.swift */ = {isa = PBXFileReference; lastKnownFileType = sourcecode.swift; path = AppDelegate.swift; sourceTree = "<group>"; };
		CA9FF7F12AB50D51005EC457 /* SceneDelegate.swift */ = {isa = PBXFileReference; lastKnownFileType = sourcecode.swift; path = SceneDelegate.swift; sourceTree = "<group>"; };
		CA9FF7F32AB50D51005EC457 /* ViewController.swift */ = {isa = PBXFileReference; lastKnownFileType = sourcecode.swift; path = ViewController.swift; sourceTree = "<group>"; };
		CA9FF7F62AB50D51005EC457 /* Base */ = {isa = PBXFileReference; lastKnownFileType = file.storyboard; name = Base; path = Base.lproj/Main.storyboard; sourceTree = "<group>"; };
		CA9FF7F82AB50D53005EC457 /* Assets.xcassets */ = {isa = PBXFileReference; lastKnownFileType = folder.assetcatalog; path = Assets.xcassets; sourceTree = "<group>"; };
		CA9FF7FB2AB50D53005EC457 /* Base */ = {isa = PBXFileReference; lastKnownFileType = file.storyboard; name = Base; path = Base.lproj/LaunchScreen.storyboard; sourceTree = "<group>"; };
		CA9FF7FD2AB50D53005EC457 /* Info.plist */ = {isa = PBXFileReference; lastKnownFileType = text.plist.xml; path = Info.plist; sourceTree = "<group>"; };
		CA9FF80C2AB51839005EC457 /* TrackEventsHelper.swift */ = {isa = PBXFileReference; lastKnownFileType = sourcecode.swift; path = TrackEventsHelper.swift; sourceTree = "<group>"; };
		CA9FF80E2AB51C6F005EC457 /* SecondViewController.swift */ = {isa = PBXFileReference; lastKnownFileType = sourcecode.swift; path = SecondViewController.swift; sourceTree = "<group>"; };
/* End PBXFileReference section */

/* Begin PBXFrameworksBuildPhase section */
		CA9FF7E92AB50D51005EC457 /* Frameworks */ = {
			isa = PBXFrameworksBuildPhase;
			buildActionMask = 2147483647;
			files = (
				CA9FF8052AB50DF5005EC457 /* AWSCloudWatchLoggingPlugin in Frameworks */,
				CA9FF80B2AB50DF5005EC457 /* Amplify in Frameworks */,
				CA9FF8092AB50DF5005EC457 /* AWSPinpointAnalyticsPlugin in Frameworks */,
				CA9FF8072AB50DF5005EC457 /* AWSCognitoAuthPlugin in Frameworks */,
			);
			runOnlyForDeploymentPostprocessing = 0;
		};
/* End PBXFrameworksBuildPhase section */

/* Begin PBXGroup section */
		CA9FF7E32AB50D51005EC457 = {
			isa = PBXGroup;
			children = (
				CA9FF7EE2AB50D51005EC457 /* AmplifyAnalytics */,
				CA9FF7ED2AB50D51005EC457 /* Products */,
				EC047BAF834BB5DDE90557F4 /* AmplifyConfig */,
			);
			sourceTree = "<group>";
		};
		CA9FF7ED2AB50D51005EC457 /* Products */ = {
			isa = PBXGroup;
			children = (
				CA9FF7EC2AB50D51005EC457 /* AmplifyAnalytics.app */,
			);
			name = Products;
			sourceTree = "<group>";
		};
		CA9FF7EE2AB50D51005EC457 /* AmplifyAnalytics */ = {
			isa = PBXGroup;
			children = (
				CA9FF7EF2AB50D51005EC457 /* AppDelegate.swift */,
				CA9FF7F12AB50D51005EC457 /* SceneDelegate.swift */,
				CA9FF7F32AB50D51005EC457 /* ViewController.swift */,
				CA9FF7F52AB50D51005EC457 /* Main.storyboard */,
				CA9FF7F82AB50D53005EC457 /* Assets.xcassets */,
				CA9FF7FA2AB50D53005EC457 /* LaunchScreen.storyboard */,
				CA9FF7FD2AB50D53005EC457 /* Info.plist */,
				CA9FF80C2AB51839005EC457 /* TrackEventsHelper.swift */,
				CA9FF80E2AB51C6F005EC457 /* SecondViewController.swift */,
			);
			path = AmplifyAnalytics;
			sourceTree = "<group>";
		};
		EC047BAF834BB5DDE90557F4 /* AmplifyConfig */ = {
			isa = PBXGroup;
			children = (
				5C13E985F7DE7CB868E4BED3 /* awsconfiguration.json */,
				BD4E14B835E6B1888407F7EA /* amplifyconfiguration.json */,
			);
			name = AmplifyConfig;
			sourceTree = "<group>";
		};
/* End PBXGroup section */

/* Begin PBXNativeTarget section */
		CA9FF7EB2AB50D51005EC457 /* AmplifyAnalytics */ = {
			isa = PBXNativeTarget;
			buildConfigurationList = CA9FF8002AB50D53005EC457 /* Build configuration list for PBXNativeTarget "AmplifyAnalytics" */;
			buildPhases = (
				CA9FF7E82AB50D51005EC457 /* Sources */,
				CA9FF7E92AB50D51005EC457 /* Frameworks */,
				CA9FF7EA2AB50D51005EC457 /* Resources */,
			);
			buildRules = (
			);
			dependencies = (
			);
			name = AmplifyAnalytics;
			packageProductDependencies = (
				CA9FF8042AB50DF5005EC457 /* AWSCloudWatchLoggingPlugin */,
				CA9FF8062AB50DF5005EC457 /* AWSCognitoAuthPlugin */,
				CA9FF8082AB50DF5005EC457 /* AWSPinpointAnalyticsPlugin */,
				CA9FF80A2AB50DF5005EC457 /* Amplify */,
			);
			productName = AmplifyAnalytics;
			productReference = CA9FF7EC2AB50D51005EC457 /* AmplifyAnalytics.app */;
			productType = "com.apple.product-type.application";
		};
/* End PBXNativeTarget section */

/* Begin PBXProject section */
		CA9FF7E42AB50D51005EC457 /* Project object */ = {
			isa = PBXProject;
			attributes = {
				BuildIndependentTargetsInParallel = 1;
				LastSwiftUpdateCheck = 1430;
				LastUpgradeCheck = 1430;
				TargetAttributes = {
					CA9FF7EB2AB50D51005EC457 = {
						CreatedOnToolsVersion = 14.3.1;
					};
				};
			};
			buildConfigurationList = CA9FF7E72AB50D51005EC457 /* Build configuration list for PBXProject "AmplifyAnalytics" */;
			compatibilityVersion = "Xcode 14.0";
			developmentRegion = en;
			hasScannedForEncodings = 0;
			knownRegions = (
				en,
				Base,
			);
			mainGroup = CA9FF7E32AB50D51005EC457;
			packageReferences = (
				CA9FF8032AB50DF5005EC457 /* XCRemoteSwiftPackageReference "amplify-swift" */,
			);
			productRefGroup = CA9FF7ED2AB50D51005EC457 /* Products */;
			projectDirPath = "";
			projectRoot = "";
			targets = (
				CA9FF7EB2AB50D51005EC457 /* AmplifyAnalytics */,
			);
		};
/* End PBXProject section */

/* Begin PBXResourcesBuildPhase section */
		CA9FF7EA2AB50D51005EC457 /* Resources */ = {
			isa = PBXResourcesBuildPhase;
			buildActionMask = 2147483647;
			files = (
				CA9FF7FC2AB50D53005EC457 /* LaunchScreen.storyboard in Resources */,
				CA9FF7F92AB50D53005EC457 /* Assets.xcassets in Resources */,
				CA9FF7F72AB50D51005EC457 /* Main.storyboard in Resources */,
				961FFEB5A953B90B07BF2BF8 /* awsconfiguration.json in Resources */,
				C0A45DE40EE9EE297D2D226A /* amplifyconfiguration.json in Resources */,
			);
			runOnlyForDeploymentPostprocessing = 0;
		};
/* End PBXResourcesBuildPhase section */

/* Begin PBXSourcesBuildPhase section */
		CA9FF7E82AB50D51005EC457 /* Sources */ = {
			isa = PBXSourcesBuildPhase;
			buildActionMask = 2147483647;
			files = (
				CA9FF80D2AB51839005EC457 /* TrackEventsHelper.swift in Sources */,
				CA9FF7F42AB50D51005EC457 /* ViewController.swift in Sources */,
				CA9FF7F02AB50D51005EC457 /* AppDelegate.swift in Sources */,
				CA9FF80F2AB51C6F005EC457 /* SecondViewController.swift in Sources */,
				CA9FF7F22AB50D51005EC457 /* SceneDelegate.swift in Sources */,
			);
			runOnlyForDeploymentPostprocessing = 0;
		};
/* End PBXSourcesBuildPhase section */

/* Begin PBXVariantGroup section */
		CA9FF7F52AB50D51005EC457 /* Main.storyboard */ = {
			isa = PBXVariantGroup;
			children = (
				CA9FF7F62AB50D51005EC457 /* Base */,
			);
			name = Main.storyboard;
			sourceTree = "<group>";
		};
		CA9FF7FA2AB50D53005EC457 /* LaunchScreen.storyboard */ = {
			isa = PBXVariantGroup;
			children = (
				CA9FF7FB2AB50D53005EC457 /* Base */,
			);
			name = LaunchScreen.storyboard;
			sourceTree = "<group>";
		};
/* End PBXVariantGroup section */

/* Begin XCBuildConfiguration section */
		CA9FF7FE2AB50D53005EC457 /* Debug */ = {
			isa = XCBuildConfiguration;
			buildSettings = {
				ALWAYS_SEARCH_USER_PATHS = NO;
				CLANG_ANALYZER_NONNULL = YES;
				CLANG_ANALYZER_NUMBER_OBJECT_CONVERSION = YES_AGGRESSIVE;
				CLANG_CXX_LANGUAGE_STANDARD = "gnu++20";
				CLANG_ENABLE_MODULES = YES;
				CLANG_ENABLE_OBJC_ARC = YES;
				CLANG_ENABLE_OBJC_WEAK = YES;
				CLANG_WARN_BLOCK_CAPTURE_AUTORELEASING = YES;
				CLANG_WARN_BOOL_CONVERSION = YES;
				CLANG_WARN_COMMA = YES;
				CLANG_WARN_CONSTANT_CONVERSION = YES;
				CLANG_WARN_DEPRECATED_OBJC_IMPLEMENTATIONS = YES;
				CLANG_WARN_DIRECT_OBJC_ISA_USAGE = YES_ERROR;
				CLANG_WARN_DOCUMENTATION_COMMENTS = YES;
				CLANG_WARN_EMPTY_BODY = YES;
				CLANG_WARN_ENUM_CONVERSION = YES;
				CLANG_WARN_INFINITE_RECURSION = YES;
				CLANG_WARN_INT_CONVERSION = YES;
				CLANG_WARN_NON_LITERAL_NULL_CONVERSION = YES;
				CLANG_WARN_OBJC_IMPLICIT_RETAIN_SELF = YES;
				CLANG_WARN_OBJC_LITERAL_CONVERSION = YES;
				CLANG_WARN_OBJC_ROOT_CLASS = YES_ERROR;
				CLANG_WARN_QUOTED_INCLUDE_IN_FRAMEWORK_HEADER = YES;
				CLANG_WARN_RANGE_LOOP_ANALYSIS = YES;
				CLANG_WARN_STRICT_PROTOTYPES = YES;
				CLANG_WARN_SUSPICIOUS_MOVE = YES;
				CLANG_WARN_UNGUARDED_AVAILABILITY = YES_AGGRESSIVE;
				CLANG_WARN_UNREACHABLE_CODE = YES;
				CLANG_WARN__DUPLICATE_METHOD_MATCH = YES;
				COPY_PHASE_STRIP = NO;
				DEBUG_INFORMATION_FORMAT = dwarf;
				ENABLE_STRICT_OBJC_MSGSEND = YES;
				ENABLE_TESTABILITY = YES;
				GCC_C_LANGUAGE_STANDARD = gnu11;
				GCC_DYNAMIC_NO_PIC = NO;
				GCC_NO_COMMON_BLOCKS = YES;
				GCC_OPTIMIZATION_LEVEL = 0;
				GCC_PREPROCESSOR_DEFINITIONS = (
					"DEBUG=1",
					"$(inherited)",
				);
				GCC_WARN_64_TO_32_BIT_CONVERSION = YES;
				GCC_WARN_ABOUT_RETURN_TYPE = YES_ERROR;
				GCC_WARN_UNDECLARED_SELECTOR = YES;
				GCC_WARN_UNINITIALIZED_AUTOS = YES_AGGRESSIVE;
				GCC_WARN_UNUSED_FUNCTION = YES;
				GCC_WARN_UNUSED_VARIABLE = YES;
				IPHONEOS_DEPLOYMENT_TARGET = 16.4;
				MTL_ENABLE_DEBUG_INFO = INCLUDE_SOURCE;
				MTL_FAST_MATH = YES;
				ONLY_ACTIVE_ARCH = YES;
				SDKROOT = iphoneos;
				SWIFT_ACTIVE_COMPILATION_CONDITIONS = DEBUG;
				SWIFT_OPTIMIZATION_LEVEL = "-Onone";
			};
			name = Debug;
		};
		CA9FF7FF2AB50D53005EC457 /* Release */ = {
			isa = XCBuildConfiguration;
			buildSettings = {
				ALWAYS_SEARCH_USER_PATHS = NO;
				CLANG_ANALYZER_NONNULL = YES;
				CLANG_ANALYZER_NUMBER_OBJECT_CONVERSION = YES_AGGRESSIVE;
				CLANG_CXX_LANGUAGE_STANDARD = "gnu++20";
				CLANG_ENABLE_MODULES = YES;
				CLANG_ENABLE_OBJC_ARC = YES;
				CLANG_ENABLE_OBJC_WEAK = YES;
				CLANG_WARN_BLOCK_CAPTURE_AUTORELEASING = YES;
				CLANG_WARN_BOOL_CONVERSION = YES;
				CLANG_WARN_COMMA = YES;
				CLANG_WARN_CONSTANT_CONVERSION = YES;
				CLANG_WARN_DEPRECATED_OBJC_IMPLEMENTATIONS = YES;
				CLANG_WARN_DIRECT_OBJC_ISA_USAGE = YES_ERROR;
				CLANG_WARN_DOCUMENTATION_COMMENTS = YES;
				CLANG_WARN_EMPTY_BODY = YES;
				CLANG_WARN_ENUM_CONVERSION = YES;
				CLANG_WARN_INFINITE_RECURSION = YES;
				CLANG_WARN_INT_CONVERSION = YES;
				CLANG_WARN_NON_LITERAL_NULL_CONVERSION = YES;
				CLANG_WARN_OBJC_IMPLICIT_RETAIN_SELF = YES;
				CLANG_WARN_OBJC_LITERAL_CONVERSION = YES;
				CLANG_WARN_OBJC_ROOT_CLASS = YES_ERROR;
				CLANG_WARN_QUOTED_INCLUDE_IN_FRAMEWORK_HEADER = YES;
				CLANG_WARN_RANGE_LOOP_ANALYSIS = YES;
				CLANG_WARN_STRICT_PROTOTYPES = YES;
				CLANG_WARN_SUSPICIOUS_MOVE = YES;
				CLANG_WARN_UNGUARDED_AVAILABILITY = YES_AGGRESSIVE;
				CLANG_WARN_UNREACHABLE_CODE = YES;
				CLANG_WARN__DUPLICATE_METHOD_MATCH = YES;
				COPY_PHASE_STRIP = NO;
				DEBUG_INFORMATION_FORMAT = "dwarf-with-dsym";
				ENABLE_NS_ASSERTIONS = NO;
				ENABLE_STRICT_OBJC_MSGSEND = YES;
				GCC_C_LANGUAGE_STANDARD = gnu11;
				GCC_NO_COMMON_BLOCKS = YES;
				GCC_WARN_64_TO_32_BIT_CONVERSION = YES;
				GCC_WARN_ABOUT_RETURN_TYPE = YES_ERROR;
				GCC_WARN_UNDECLARED_SELECTOR = YES;
				GCC_WARN_UNINITIALIZED_AUTOS = YES_AGGRESSIVE;
				GCC_WARN_UNUSED_FUNCTION = YES;
				GCC_WARN_UNUSED_VARIABLE = YES;
				IPHONEOS_DEPLOYMENT_TARGET = 16.4;
				MTL_ENABLE_DEBUG_INFO = NO;
				MTL_FAST_MATH = YES;
				SDKROOT = iphoneos;
				SWIFT_COMPILATION_MODE = wholemodule;
				SWIFT_OPTIMIZATION_LEVEL = "-O";
				VALIDATE_PRODUCT = YES;
			};
			name = Release;
		};
		CA9FF8012AB50D53005EC457 /* Debug */ = {
			isa = XCBuildConfiguration;
			buildSettings = {
				ASSETCATALOG_COMPILER_APPICON_NAME = AppIcon;
				ASSETCATALOG_COMPILER_GLOBAL_ACCENT_COLOR_NAME = AccentColor;
				CODE_SIGN_STYLE = Automatic;
				CURRENT_PROJECT_VERSION = 1;
				DEVELOPMENT_TEAM = 65X3HXAMQB;
				GENERATE_INFOPLIST_FILE = YES;
				INFOPLIST_FILE = AmplifyAnalytics/Info.plist;
				INFOPLIST_KEY_UIApplicationSupportsIndirectInputEvents = YES;
				INFOPLIST_KEY_UILaunchStoryboardName = LaunchScreen;
				INFOPLIST_KEY_UIMainStoryboardFile = Main;
				INFOPLIST_KEY_UISupportedInterfaceOrientations_iPad = "UIInterfaceOrientationPortrait UIInterfaceOrientationPortraitUpsideDown UIInterfaceOrientationLandscapeLeft UIInterfaceOrientationLandscapeRight";
				INFOPLIST_KEY_UISupportedInterfaceOrientations_iPhone = "UIInterfaceOrientationPortrait UIInterfaceOrientationLandscapeLeft UIInterfaceOrientationLandscapeRight";
				LD_RUNPATH_SEARCH_PATHS = (
					"$(inherited)",
					"@executable_path/Frameworks",
				);
				MARKETING_VERSION = 1.0;
				PRODUCT_BUNDLE_IDENTIFIER = com.bootcampinstitute.AmplifyAnalytics;
				PRODUCT_NAME = "$(TARGET_NAME)";
				SWIFT_EMIT_LOC_STRINGS = YES;
				SWIFT_VERSION = 5.0;
				TARGETED_DEVICE_FAMILY = "1,2";
			};
			name = Debug;
		};
		CA9FF8022AB50D53005EC457 /* Release */ = {
			isa = XCBuildConfiguration;
			buildSettings = {
				ASSETCATALOG_COMPILER_APPICON_NAME = AppIcon;
				ASSETCATALOG_COMPILER_GLOBAL_ACCENT_COLOR_NAME = AccentColor;
				CODE_SIGN_STYLE = Automatic;
				CURRENT_PROJECT_VERSION = 1;
				DEVELOPMENT_TEAM = 65X3HXAMQB;
				GENERATE_INFOPLIST_FILE = YES;
				INFOPLIST_FILE = AmplifyAnalytics/Info.plist;
				INFOPLIST_KEY_UIApplicationSupportsIndirectInputEvents = YES;
				INFOPLIST_KEY_UILaunchStoryboardName = LaunchScreen;
				INFOPLIST_KEY_UIMainStoryboardFile = Main;
				INFOPLIST_KEY_UISupportedInterfaceOrientations_iPad = "UIInterfaceOrientationPortrait UIInterfaceOrientationPortraitUpsideDown UIInterfaceOrientationLandscapeLeft UIInterfaceOrientationLandscapeRight";
				INFOPLIST_KEY_UISupportedInterfaceOrientations_iPhone = "UIInterfaceOrientationPortrait UIInterfaceOrientationLandscapeLeft UIInterfaceOrientationLandscapeRight";
				LD_RUNPATH_SEARCH_PATHS = (
					"$(inherited)",
					"@executable_path/Frameworks",
				);
				MARKETING_VERSION = 1.0;
				PRODUCT_BUNDLE_IDENTIFIER = com.bootcampinstitute.AmplifyAnalytics;
				PRODUCT_NAME = "$(TARGET_NAME)";
				SWIFT_EMIT_LOC_STRINGS = YES;
				SWIFT_VERSION = 5.0;
				TARGETED_DEVICE_FAMILY = "1,2";
			};
			name = Release;
		};
/* End XCBuildConfiguration section */

/* Begin XCConfigurationList section */
		CA9FF7E72AB50D51005EC457 /* Build configuration list for PBXProject "AmplifyAnalytics" */ = {
			isa = XCConfigurationList;
			buildConfigurations = (
				CA9FF7FE2AB50D53005EC457 /* Debug */,
				CA9FF7FF2AB50D53005EC457 /* Release */,
			);
			defaultConfigurationIsVisible = 0;
			defaultConfigurationName = Release;
		};
		CA9FF8002AB50D53005EC457 /* Build configuration list for PBXNativeTarget "AmplifyAnalytics" */ = {
			isa = XCConfigurationList;
			buildConfigurations = (
				CA9FF8012AB50D53005EC457 /* Debug */,
				CA9FF8022AB50D53005EC457 /* Release */,
			);
			defaultConfigurationIsVisible = 0;
			defaultConfigurationName = Release;
		};
/* End XCConfigurationList section */

/* Begin XCRemoteSwiftPackageReference section */
		CA9FF8032AB50DF5005EC457 /* XCRemoteSwiftPackageReference "amplify-swift" */ = {
			isa = XCRemoteSwiftPackageReference;
			repositoryURL = "https://github.com/aws-amplify/amplify-swift";
			requirement = {
				kind = upToNextMajorVersion;
				minimumVersion = 2.0.0;
			};
		};
/* End XCRemoteSwiftPackageReference section */

/* Begin XCSwiftPackageProductDependency section */
		CA9FF8042AB50DF5005EC457 /* AWSCloudWatchLoggingPlugin */ = {
			isa = XCSwiftPackageProductDependency;
			package = CA9FF8032AB50DF5005EC457 /* XCRemoteSwiftPackageReference "amplify-swift" */;
			productName = AWSCloudWatchLoggingPlugin;
		};
		CA9FF8062AB50DF5005EC457 /* AWSCognitoAuthPlugin */ = {
			isa = XCSwiftPackageProductDependency;
			package = CA9FF8032AB50DF5005EC457 /* XCRemoteSwiftPackageReference "amplify-swift" */;
			productName = AWSCognitoAuthPlugin;
		};
		CA9FF8082AB50DF5005EC457 /* AWSPinpointAnalyticsPlugin */ = {
			isa = XCSwiftPackageProductDependency;
			package = CA9FF8032AB50DF5005EC457 /* XCRemoteSwiftPackageReference "amplify-swift" */;
			productName = AWSPinpointAnalyticsPlugin;
		};
		CA9FF80A2AB50DF5005EC457 /* Amplify */ = {
			isa = XCSwiftPackageProductDependency;
			package = CA9FF8032AB50DF5005EC457 /* XCRemoteSwiftPackageReference "amplify-swift" */;
			productName = Amplify;
		};
/* End XCSwiftPackageProductDependency section */
	};
	rootObject = CA9FF7E42AB50D51005EC457 /* Project object */;
}
